// !$*UTF8*$!
{
	archiveVersion = 1;
	classes = {
	};
	objectVersion = 46;
	objects = {

/* Begin PBXBuildFile section */
		6F74EEEA1DBDE00F00B04D40 /* main.m in Sources */ = {isa = PBXBuildFile; fileRef = 6F74EEE91DBDE00F00B04D40 /* main.m */; };
		6F74EEED1DBDE00F00B04D40 /* AppDelegate.m in Sources */ = {isa = PBXBuildFile; fileRef = 6F74EEEC1DBDE00F00B04D40 /* AppDelegate.m */; };
		6F74EEF01DBDE00F00B04D40 /* ViewController.m in Sources */ = {isa = PBXBuildFile; fileRef = 6F74EEEF1DBDE00F00B04D40 /* ViewController.m */; };
		6F74EEF31DBDE00F00B04D40 /* Main.storyboard in Resources */ = {isa = PBXBuildFile; fileRef = 6F74EEF11DBDE00F00B04D40 /* Main.storyboard */; };
		6F74EEF51DBDE00F00B04D40 /* Assets.xcassets in Resources */ = {isa = PBXBuildFile; fileRef = 6F74EEF41DBDE00F00B04D40 /* Assets.xcassets */; };
		6F74EEF81DBDE00F00B04D40 /* LaunchScreen.storyboard in Resources */ = {isa = PBXBuildFile; fileRef = 6F74EEF61DBDE00F00B04D40 /* LaunchScreen.storyboard */; };
		6F74EF021DBDE01F00B04D40 /* HUNumInputView.m in Sources */ = {isa = PBXBuildFile; fileRef = 6F74EF011DBDE01F00B04D40 /* HUNumInputView.m */; };
/* End PBXBuildFile section */

/* Begin PBXFileReference section */
		6F74EEE51DBDE00F00B04D40 /* HUInputView.app */ = {isa = PBXFileReference; explicitFileType = wrapper.application; includeInIndex = 0; path = HUInputView.app; sourceTree = BUILT_PRODUCTS_DIR; };
		6F74EEE91DBDE00F00B04D40 /* main.m */ = {isa = PBXFileReference; lastKnownFileType = sourcecode.c.objc; path = main.m; sourceTree = "<group>"; };
		6F74EEEB1DBDE00F00B04D40 /* AppDelegate.h */ = {isa = PBXFileReference; lastKnownFileType = sourcecode.c.h; path = AppDelegate.h; sourceTree = "<group>"; };
		6F74EEEC1DBDE00F00B04D40 /* AppDelegate.m */ = {isa = PBXFileReference; lastKnownFileType = sourcecode.c.objc; path = AppDelegate.m; sourceTree = "<group>"; };
		6F74EEEE1DBDE00F00B04D40 /* ViewController.h */ = {isa = PBXFileReference; lastKnownFileType = sourcecode.c.h; path = ViewController.h; sourceTree = "<group>"; };
		6F74EEEF1DBDE00F00B04D40 /* ViewController.m */ = {isa = PBXFileReference; lastKnownFileType = sourcecode.c.objc; path = ViewController.m; sourceTree = "<group>"; };
		6F74EEF21DBDE00F00B04D40 /* Base */ = {isa = PBXFileReference; lastKnownFileType = file.storyboard; name = Base; path = Base.lproj/Main.storyboard; sourceTree = "<group>"; };
		6F74EEF41DBDE00F00B04D40 /* Assets.xcassets */ = {isa = PBXFileReference; lastKnownFileType = folder.assetcatalog; path = Assets.xcassets; sourceTree = "<group>"; };
		6F74EEF71DBDE00F00B04D40 /* Base */ = {isa = PBXFileReference; lastKnownFileType = file.storyboard; name = Base; path = Base.lproj/LaunchScreen.storyboard; sourceTree = "<group>"; };
		6F74EEF91DBDE00F00B04D40 /* Info.plist */ = {isa = PBXFileReference; lastKnownFileType = text.plist.xml; path = Info.plist; sourceTree = "<group>"; };
		6F74EF001DBDE01F00B04D40 /* HUNumInputView.h */ = {isa = PBXFileReference; fileEncoding = 4; lastKnownFileType = sourcecode.c.h; path = HUNumInputView.h; sourceTree = "<group>"; };
		6F74EF011DBDE01F00B04D40 /* HUNumInputView.m */ = {isa = PBXFileReference; fileEncoding = 4; lastKnownFileType = sourcecode.c.objc; path = HUNumInputView.m; sourceTree = "<group>"; };
/* End PBXFileReference section */

/* Begin PBXFrameworksBuildPhase section */
		6F74EEE21DBDE00F00B04D40 /* Frameworks */ = {
			isa = PBXFrameworksBuildPhase;
			buildActionMask = 2147483647;
			files = (
			);
			runOnlyForDeploymentPostprocessing = 0;
		};
/* End PBXFrameworksBuildPhase section */

/* Begin PBXGroup section */
		6F74EEDC1DBDE00F00B04D40 = {
			isa = PBXGroup;
			children = (
				6F74EEE71DBDE00F00B04D40 /* HUInputView */,
				6F74EEE61DBDE00F00B04D40 /* Products */,
			);
			sourceTree = "<group>";
		};
		6F74EEE61DBDE00F00B04D40 /* Products */ = {
			isa = PBXGroup;
			children = (
				6F74EEE51DBDE00F00B04D40 /* HUInputView.app */,
			);
			name = Products;
			sourceTree = "<group>";
		};
		6F74EEE71DBDE00F00B04D40 /* HUInputView */ = {
			isa = PBXGroup;
			children = (
				6F74EEFF1DBDE01F00B04D40 /* HUNumberInputView */,
				6F74EEEB1DBDE00F00B04D40 /* AppDelegate.h */,
				6F74EEEC1DBDE00F00B04D40 /* AppDelegate.m */,
				6F74EEEE1DBDE00F00B04D40 /* ViewController.h */,
				6F74EEEF1DBDE00F00B04D40 /* ViewController.m */,
				6F74EEF11DBDE00F00B04D40 /* Main.storyboard */,
				6F74EEF41DBDE00F00B04D40 /* Assets.xcassets */,
				6F74EEF61DBDE00F00B04D40 /* LaunchScreen.storyboard */,
				6F74EEF91DBDE00F00B04D40 /* Info.plist */,
				6F74EEE81DBDE00F00B04D40 /* Supporting Files */,
			);
			path = HUInputView;
			sourceTree = "<group>";
		};
		6F74EEE81DBDE00F00B04D40 /* Supporting Files */ = {
			isa = PBXGroup;
			children = (
				6F74EEE91DBDE00F00B04D40 /* main.m */,
			);
			name = "Supporting Files";
			sourceTree = "<group>";
		};
		6F74EEFF1DBDE01F00B04D40 /* HUNumberInputView */ = {
			isa = PBXGroup;
			children = (
				6F74EF001DBDE01F00B04D40 /* HUNumInputView.h */,
				6F74EF011DBDE01F00B04D40 /* HUNumInputView.m */,
			);
			path = HUNumberInputView;
			sourceTree = "<group>";
		};
/* End PBXGroup section */

/* Begin PBXNativeTarget section */
		6F74EEE41DBDE00F00B04D40 /* HUInputView */ = {
			isa = PBXNativeTarget;
			buildConfigurationList = 6F74EEFC1DBDE00F00B04D40 /* Build configuration list for PBXNativeTarget "HUInputView" */;
			buildPhases = (
				6F74EEE11DBDE00F00B04D40 /* Sources */,
				6F74EEE21DBDE00F00B04D40 /* Frameworks */,
				6F74EEE31DBDE00F00B04D40 /* Resources */,
			);
			buildRules = (
			);
			dependencies = (
			);
			name = HUInputView;
			productName = HUInputView;
			productReference = 6F74EEE51DBDE00F00B04D40 /* HUInputView.app */;
			productType = "com.apple.product-type.application";
		};
/* End PBXNativeTarget section */

/* Begin PBXProject section */
		6F74EEDD1DBDE00F00B04D40 /* Project object */ = {
			isa = PBXProject;
			attributes = {
				LastUpgradeCheck = 0800;
				ORGANIZATIONNAME = 5i5j;
				TargetAttributes = {
					6F74EEE41DBDE00F00B04D40 = {
						CreatedOnToolsVersion = 8.0;
						DevelopmentTeam = 79G8SGGX82;
						ProvisioningStyle = Automatic;
					};
				};
			};
			buildConfigurationList = 6F74EEE01DBDE00F00B04D40 /* Build configuration list for PBXProject "HUInputView" */;
			compatibilityVersion = "Xcode 3.2";
			developmentRegion = English;
			hasScannedForEncodings = 0;
			knownRegions = (
				en,
				Base,
			);
			mainGroup = 6F74EEDC1DBDE00F00B04D40;
			productRefGroup = 6F74EEE61DBDE00F00B04D40 /* Products */;
			projectDirPath = "";
			projectRoot = "";
			targets = (
				6F74EEE41DBDE00F00B04D40 /* HUInputView */,
			);
		};
/* End PBXProject section */

/* Begin PBXResourcesBuildPhase section */
		6F74EEE31DBDE00F00B04D40 /* Resources */ = {
			isa = PBXResourcesBuildPhase;
			buildActionMask = 2147483647;
			files = (
				6F74EEF81DBDE00F00B04D40 /* LaunchScreen.storyboard in Resources */,
				6F74EEF51DBDE00F00B04D40 /* Assets.xcassets in Resources */,
				6F74EEF31DBDE00F00B04D40 /* Main.storyboard in Resources */,
			);
			runOnlyForDeploymentPostprocessing = 0;
		};
/* End PBXResourcesBuildPhase section */

/* Begin PBXSourcesBuildPhase section */
		6F74EEE11DBDE00F00B04D40 /* Sources */ = {
			isa = PBXSourcesBuildPhase;
			buildActionMask = 2147483647;
			files = (
				6F74EEF01DBDE00F00B04D40 /* ViewController.m in Sources */,
				6F74EEED1DBDE00F00B04D40 /* AppDelegate.m in Sources */,
				6F74EEEA1DBDE00F00B04D40 /* main.m in Sources */,
				6F74EF021DBDE01F00B04D40 /* HUNumInputView.m in Sources */,
			);
			runOnlyForDeploymentPostprocessing = 0;
		};
/* End PBXSourcesBuildPhase section */

/* Begin PBXVariantGroup section */
		6F74EEF11DBDE00F00B04D40 /* Main.storyboard */ = {
			isa = PBXVariantGroup;
			children = (
				6F74EEF21DBDE00F00B04D40 /* Base */,
			);
			name = Main.storyboard;
			sourceTree = "<group>";
		};
		6F74EEF61DBDE00F00B04D40 /* LaunchScreen.storyboard */ = {
			isa = PBXVariantGroup;
			children = (
				6F74EEF71DBDE00F00B04D40 /* Base */,
			);
			name = LaunchScreen.storyboard;
			sourceTree = "<group>";
		};
/* End PBXVariantGroup section */

/* Begin XCBuildConfiguration section */
		6F74EEFA1DBDE00F00B04D40 /* Debug */ = {
			isa = XCBuildConfiguration;
			buildSettings = {
				ALWAYS_SEARCH_USER_PATHS = NO;
				CLANG_ANALYZER_NONNULL = YES;
				CLANG_CXX_LANGUAGE_STANDARD = "gnu++0x";
				CLANG_CXX_LIBRARY = "libc++";
				CLANG_ENABLE_MODULES = YES;
				CLANG_ENABLE_OBJC_ARC = YES;
				CLANG_WARN_BOOL_CONVERSION = YES;
				CLANG_WARN_CONSTANT_CONVERSION = YES;
				CLANG_WARN_DIRECT_OBJC_ISA_USAGE = YES_ERROR;
				CLANG_WARN_DOCUMENTATION_COMMENTS = YES;
				CLANG_WARN_EMPTY_BODY = YES;
				CLANG_WARN_ENUM_CONVERSION = YES;
				CLANG_WARN_INFINITE_RECURSION = YES;
				CLANG_WARN_INT_CONVERSION = YES;
				CLANG_WARN_OBJC_ROOT_CLASS = YES_ERROR;
				CLANG_WARN_SUSPICIOUS_MOVES = YES;
				CLANG_WARN_UNREACHABLE_CODE = YES;
				CLANG_WARN__DUPLICATE_METHOD_MATCH = YES;
				"CODE_SIGN_IDENTITY[sdk=iphoneos*]" = "iPhone Developer";
				COPY_PHASE_STRIP = NO;
				DEBUG_INFORMATION_FORMAT = dwarf;
				ENABLE_STRICT_OBJC_MSGSEND = YES;
				ENABLE_TESTABILITY = YES;
				GCC_C_LANGUAGE_STANDARD = gnu99;
				GCC_DYNAMIC_NO_PIC = NO;
				GCC_NO_COMMON_BLOCKS = YES;
				GCC_OPTIMIZATION_LEVEL = 0;
				GCC_PREPROCESSOR_DEFINITIONS = (
					"DEBUG=1",
					"$(inherited)",
				);
				GCC_WARN_64_TO_32_BIT_CONVERSION = YES;
				GCC_WARN_ABOUT_RETURN_TYPE = YES_ERROR;
				GCC_WARN_UNDECLARED_SELECTOR = YES;
				GCC_WARN_UNINITIALIZED_AUTOS = YES_AGGRESSIVE;
				GCC_WARN_UNUSED_FUNCTION = YES;
				GCC_WARN_UNUSED_VARIABLE = YES;
				IPHONEOS_DEPLOYMENT_TARGET = 10.0;
				MTL_ENABLE_DEBUG_INFO = YES;
				ONLY_ACTIVE_ARCH = YES;
				SDKROOT = iphoneos;
			};
			name = Debug;
		};
		6F74EEFB1DBDE00F00B04D40 /* Release */ = {
			isa = XCBuildConfiguration;
			buildSettings = {
				ALWAYS_SEARCH_USER_PATHS = NO;
				CLANG_ANALYZER_NONNULL = YES;
				CLANG_CXX_LANGUAGE_STANDARD = "gnu++0x";
				CLANG_CXX_LIBRARY = "libc++";
				CLANG_ENABLE_MODULES = YES;
				CLANG_ENABLE_OBJC_ARC = YES;
				CLANG_WARN_BOOL_CONVERSION = YES;
				CLANG_WARN_CONSTANT_CONVERSION = YES;
				CLANG_WARN_DIRECT_OBJC_ISA_USAGE = YES_ERROR;
				CLANG_WARN_DOCUMENTATION_COMMENTS = YES;
				CLANG_WARN_EMPTY_BODY = YES;
				CLANG_WARN_ENUM_CONVERSION = YES;
				CLANG_WARN_INFINITE_RECURSION = YES;
				CLANG_WARN_INT_CONVERSION = YES;
				CLANG_WARN_OBJC_ROOT_CLASS = YES_ERROR;
				CLANG_WARN_SUSPICIOUS_MOVES = YES;
				CLANG_WARN_UNREACHABLE_CODE = YES;
				CLANG_WARN__DUPLICATE_METHOD_MATCH = YES;
				"CODE_SIGN_IDENTITY[sdk=iphoneos*]" = "iPhone Developer";
				COPY_PHASE_STRIP = NO;
				DEBUG_INFORMATION_FORMAT = "dwarf-with-dsym";
				ENABLE_NS_ASSERTIONS = NO;
				ENABLE_STRICT_OBJC_MSGSEND = YES;
				GCC_C_LANGUAGE_STANDARD = gnu99;
				GCC_NO_COMMON_BLOCKS = YES;
				GCC_WARN_64_TO_32_BIT_CONVERSION = YES;
				GCC_WARN_ABOUT_RETURN_TYPE = YES_ERROR;
				GCC_WARN_UNDECLARED_SELECTOR = YES;
				GCC_WARN_UNINITIALIZED_AUTOS = YES_AGGRESSIVE;
				GCC_WARN_UNUSED_FUNCTION = YES;
				GCC_WARN_UNUSED_VARIABLE = YES;
				IPHONEOS_DEPLOYMENT_TARGET = 10.0;
				MTL_ENABLE_DEBUG_INFO = NO;
				SDKROOT = iphoneos;
				VALIDATE_PRODUCT = YES;
			};
			name = Release;
		};
		6F74EEFD1DBDE00F00B04D40 /* Debug */ = {
			isa = XCBuildConfiguration;
			buildSettings = {
				ASSETCATALOG_COMPILER_APPICON_NAME = AppIcon;
				DEVELOPMENT_TEAM = 79G8SGGX82;
				INFOPLIST_FILE = HUInputView/Info.plist;
				LD_RUNPATH_SEARCH_PATHS = "$(inherited) @executable_path/Frameworks";
				PRODUCT_BUNDLE_IDENTIFIER = com.5i5j.HUInputView;
				PRODUCT_NAME = "$(TARGET_NAME)";
			};
			name = Debug;
		};
		6F74EEFE1DBDE00F00B04D40 /* Release */ = {
			isa = XCBuildConfiguration;
			buildSettings = {
				ASSETCATALOG_COMPILER_APPICON_NAME = AppIcon;
				DEVELOPMENT_TEAM = 79G8SGGX82;
				INFOPLIST_FILE = HUInputView/Info.plist;
				LD_RUNPATH_SEARCH_PATHS = "$(inherited) @executable_path/Frameworks";
				PRODUCT_BUNDLE_IDENTIFIER = com.5i5j.HUInputView;
				PRODUCT_NAME = "$(TARGET_NAME)";
			};
			name = Release;
		};
/* End XCBuildConfiguration section */

/* Begin XCConfigurationList section */
		6F74EEE01DBDE00F00B04D40 /* Build configuration list for PBXProject "HUInputView" */ = {
			isa = XCConfigurationList;
			buildConfigurations = (
				6F74EEFA1DBDE00F00B04D40 /* Debug */,
				6F74EEFB1DBDE00F00B04D40 /* Release */,
			);
			defaultConfigurationIsVisible = 0;
			defaultConfigurationName = Release;
		};
		6F74EEFC1DBDE00F00B04D40 /* Build configuration list for PBXNativeTarget "HUInputView" */ = {
			isa = XCConfigurationList;
			buildConfigurations = (
				6F74EEFD1DBDE00F00B04D40 /* Debug */,
				6F74EEFE1DBDE00F00B04D40 /* Release */,
			);
			defaultConfigurationIsVisible = 0;
		};
/* End XCConfigurationList section */
	};
	rootObject = 6F74EEDD1DBDE00F00B04D40 /* Project object */;
}
